// !$*UTF8*$!
{
	archiveVersion = 1;
	classes = {
	};
	objectVersion = 46;
	objects = {

/* Begin PBXBuildFile section */
		0A304C111F136EF000096768 /* DetailViewController.swift in Sources */ = {isa = PBXBuildFile; fileRef = 0A304C101F136EF000096768 /* DetailViewController.swift */; };
		0A8EC4981F0E65A800B91B4A /* Travel.swift in Sources */ = {isa = PBXBuildFile; fileRef = 0A8EC4971F0E65A800B91B4A /* Travel.swift */; };
		0AF1DCC61F0F4FEB0073D54D /* AgeRange.swift in Sources */ = {isa = PBXBuildFile; fileRef = 0AF1DCC51F0F4FEB0073D54D /* AgeRange.swift */; };
		0B0D96331EE3EB2800C2F1C4 /* ProfileCollectionViewCell.swift in Sources */ = {isa = PBXBuildFile; fileRef = 0B0D96321EE3EB2800C2F1C4 /* ProfileCollectionViewCell.swift */; };
		0B0D96351EE3F05400C2F1C4 /* CustomScrollView.swift in Sources */ = {isa = PBXBuildFile; fileRef = 0B0D96341EE3F05400C2F1C4 /* CustomScrollView.swift */; };
		0B0D963A1EE402F100C2F1C4 /* ParamsTextField.xib in Resources */ = {isa = PBXBuildFile; fileRef = 0B0D96391EE402F100C2F1C4 /* ParamsTextField.xib */; };
		0B0D963C1EE4055500C2F1C4 /* ParamsTextField.swift in Sources */ = {isa = PBXBuildFile; fileRef = 0B0D963B1EE4055500C2F1C4 /* ParamsTextField.swift */; };
		0B0D96401EE4107A00C2F1C4 /* ParamsDropStack.xib in Resources */ = {isa = PBXBuildFile; fileRef = 0B0D963F1EE4107A00C2F1C4 /* ParamsDropStack.xib */; };
		0B0D96421EE410AD00C2F1C4 /* ParamsDropStack.swift in Sources */ = {isa = PBXBuildFile; fileRef = 0B0D96411EE410AD00C2F1C4 /* ParamsDropStack.swift */; };
		0B0D96441EE425B600C2F1C4 /* ParamsDatePicker.xib in Resources */ = {isa = PBXBuildFile; fileRef = 0B0D96431EE425B600C2F1C4 /* ParamsDatePicker.xib */; };
		0B0D96461EE4265900C2F1C4 /* ParamsDatePicker.swift in Sources */ = {isa = PBXBuildFile; fileRef = 0B0D96451EE4265900C2F1C4 /* ParamsDatePicker.swift */; };
		0B0D964A1EE431FB00C2F1C4 /* Extensions.swift in Sources */ = {isa = PBXBuildFile; fileRef = 0B0D96491EE431FB00C2F1C4 /* Extensions.swift */; };
		0B0D964C1EE4469D00C2F1C4 /* ParamsAbstract.swift in Sources */ = {isa = PBXBuildFile; fileRef = 0B0D964B1EE4469D00C2F1C4 /* ParamsAbstract.swift */; };
		0B0D964E1EE4610F00C2F1C4 /* ParamsSelectField.xib in Resources */ = {isa = PBXBuildFile; fileRef = 0B0D964D1EE4610F00C2F1C4 /* ParamsSelectField.xib */; };
		0B0D96501EE462B700C2F1C4 /* ParamsSelectField.swift in Sources */ = {isa = PBXBuildFile; fileRef = 0B0D964F1EE462B700C2F1C4 /* ParamsSelectField.swift */; };
		0B2106331EE2CCC7001AE7D0 /* ProfileViewController.swift in Sources */ = {isa = PBXBuildFile; fileRef = 0B2106321EE2CCC7001AE7D0 /* ProfileViewController.swift */; };
		0B2106351EE2CE7B001AE7D0 /* ParamsHeaderView.xib in Resources */ = {isa = PBXBuildFile; fileRef = 0B2106341EE2CE7B001AE7D0 /* ParamsHeaderView.xib */; };
		0B273FEC1F0796D10031D3C1 /* CriteriaViewController.swift in Sources */ = {isa = PBXBuildFile; fileRef = 0B273FEB1F0796D10031D3C1 /* CriteriaViewController.swift */; };
		0B273FEE1F079B910031D3C1 /* DropStackView.swift in Sources */ = {isa = PBXBuildFile; fileRef = 0B273FED1F079B910031D3C1 /* DropStackView.swift */; };
		0B5062471EF65DF7003B5785 /* Parsing.swift in Sources */ = {isa = PBXBuildFile; fileRef = 0B5062461EF65DF7003B5785 /* Parsing.swift */; };
		0B86048D1EEF03C40090CAF3 /* Global.swift in Sources */ = {isa = PBXBuildFile; fileRef = 0B86048C1EEF03C40090CAF3 /* Global.swift */; };
		0B95FC3A1EF06ACC00C315F6 /* MessageBox.swift in Sources */ = {isa = PBXBuildFile; fileRef = 0B95FC391EF06ACC00C315F6 /* MessageBox.swift */; };
		0BAEE95E1EF507BA00CCC0C1 /* Profile.swift in Sources */ = {isa = PBXBuildFile; fileRef = 0BAEE95D1EF507BA00CCC0C1 /* Profile.swift */; };
		0BAEE9601EF5456F00CCC0C1 /* RegisterViewController.swift in Sources */ = {isa = PBXBuildFile; fileRef = 0BAEE95F1EF5456F00CCC0C1 /* RegisterViewController.swift */; };
		0BAEE9621EF545E200CCC0C1 /* User.swift in Sources */ = {isa = PBXBuildFile; fileRef = 0BAEE9611EF545E200CCC0C1 /* User.swift */; };
		0BBA88DB1EE2FE2200CFE1C8 /* ParamsHeaderView.swift in Sources */ = {isa = PBXBuildFile; fileRef = 0BBA88DA1EE2FE2200CFE1C8 /* ParamsHeaderView.swift */; };
		0BC4965C1EED563100505FD2 /* Request.swift in Sources */ = {isa = PBXBuildFile; fileRef = 0BC4965B1EED563100505FD2 /* Request.swift */; };
		0BCB55511EFFB00500605F24 /* MonthPicker.swift in Sources */ = {isa = PBXBuildFile; fileRef = 0BCB55501EFFB00500605F24 /* MonthPicker.swift */; };
		0BCD648E1EFE741300B93F82 /* TravelViewController.swift in Sources */ = {isa = PBXBuildFile; fileRef = 0BCD648D1EFE741300B93F82 /* TravelViewController.swift */; };
		0BDA50911EDF2D1800FA7A5E /* AppDelegate.swift in Sources */ = {isa = PBXBuildFile; fileRef = 0BDA50901EDF2D1800FA7A5E /* AppDelegate.swift */; };
		0BDA50961EDF2D1800FA7A5E /* Main.storyboard in Resources */ = {isa = PBXBuildFile; fileRef = 0BDA50941EDF2D1800FA7A5E /* Main.storyboard */; };
		0BDA50981EDF2D1800FA7A5E /* Assets.xcassets in Resources */ = {isa = PBXBuildFile; fileRef = 0BDA50971EDF2D1800FA7A5E /* Assets.xcassets */; };
		0BDA509B1EDF2D1800FA7A5E /* LaunchScreen.storyboard in Resources */ = {isa = PBXBuildFile; fileRef = 0BDA50991EDF2D1800FA7A5E /* LaunchScreen.storyboard */; };
		0BDA50A31EDF2E8F00FA7A5E /* GoogleService-Info.plist in Resources */ = {isa = PBXBuildFile; fileRef = 0BDA50A21EDF2E8F00FA7A5E /* GoogleService-Info.plist */; };
		0BDA50A51EDF333400FA7A5E /* MainViewController.swift in Sources */ = {isa = PBXBuildFile; fileRef = 0BDA50A41EDF333400FA7A5E /* MainViewController.swift */; };
		0BDA50A71EDF34B700FA7A5E /* MainCollectionViewCell.swift in Sources */ = {isa = PBXBuildFile; fileRef = 0BDA50A61EDF34B700FA7A5E /* MainCollectionViewCell.swift */; };
		0BDA50A91EDF370A00FA7A5E /* Person.swift in Sources */ = {isa = PBXBuildFile; fileRef = 0BDA50A81EDF370A00FA7A5E /* Person.swift */; };
		0BDA941A1F1286D70004B76D /* ChatInputContainerView.swift in Sources */ = {isa = PBXBuildFile; fileRef = 0BDA94191F1286D70004B76D /* ChatInputContainerView.swift */; };
		0BDA941C1F1286DF0004B76D /* ChatLogController.swift in Sources */ = {isa = PBXBuildFile; fileRef = 0BDA941B1F1286DF0004B76D /* ChatLogController.swift */; };
		0BDA941E1F1286E50004B76D /* ChatMessageCell.swift in Sources */ = {isa = PBXBuildFile; fileRef = 0BDA941D1F1286E50004B76D /* ChatMessageCell.swift */; };
		0BDA94241F1287030004B76D /* Message.swift in Sources */ = {isa = PBXBuildFile; fileRef = 0BDA94231F1287030004B76D /* Message.swift */; };
		0BDA94261F1287080004B76D /* MessagesController.swift in Sources */ = {isa = PBXBuildFile; fileRef = 0BDA94251F1287080004B76D /* MessagesController.swift */; };
		0BDA94281F12870C0004B76D /* NewMessageController.swift in Sources */ = {isa = PBXBuildFile; fileRef = 0BDA94271F12870C0004B76D /* NewMessageController.swift */; };
		0BDA942A1F1287140004B76D /* UserCell.swift in Sources */ = {isa = PBXBuildFile; fileRef = 0BDA94291F1287140004B76D /* UserCell.swift */; };
		0BE5910D1F0AB3F70017A866 /* BTNavigationDropdownMenu.bundle in Resources */ = {isa = PBXBuildFile; fileRef = 0BE591041F0AB3F70017A866 /* BTNavigationDropdownMenu.bundle */; };
		0BE5910E1F0AB3F70017A866 /* BTNavigationDropdownMenu.swift in Sources */ = {isa = PBXBuildFile; fileRef = 0BE591051F0AB3F70017A866 /* BTNavigationDropdownMenu.swift */; };
		0BE5910F1F0AB3F70017A866 /* BTTitle.swift in Sources */ = {isa = PBXBuildFile; fileRef = 0BE591061F0AB3F70017A866 /* BTTitle.swift */; };
		0BE591101F0AB3F70017A866 /* BTConfiguration.swift in Sources */ = {isa = PBXBuildFile; fileRef = 0BE591081F0AB3F70017A866 /* BTConfiguration.swift */; };
		0BE591111F0AB3F70017A866 /* BTTableCellContentView.swift in Sources */ = {isa = PBXBuildFile; fileRef = 0BE591091F0AB3F70017A866 /* BTTableCellContentView.swift */; };
		0BE591121F0AB3F70017A866 /* BTTableView.swift in Sources */ = {isa = PBXBuildFile; fileRef = 0BE5910A1F0AB3F70017A866 /* BTTableView.swift */; };
		0BE591131F0AB3F70017A866 /* BTTableViewCell.swift in Sources */ = {isa = PBXBuildFile; fileRef = 0BE5910B1F0AB3F70017A866 /* BTTableViewCell.swift */; };
		0BE591141F0AB3F70017A866 /* UIViewController+Extension.swift in Sources */ = {isa = PBXBuildFile; fileRef = 0BE5910C1F0AB3F70017A866 /* UIViewController+Extension.swift */; };
		0BEBA0831EEC6C48001EE6EA /* SearchTableViewController.swift in Sources */ = {isa = PBXBuildFile; fileRef = 0BEBA0821EEC6C48001EE6EA /* SearchTableViewController.swift */; };
		0BF7455B1EE077F700F6A8E5 /* SearchViewController.swift in Sources */ = {isa = PBXBuildFile; fileRef = 0BF7455A1EE077F700F6A8E5 /* SearchViewController.swift */; };
		DB2BAD730CBACD49BAA8FF7E /* Pods_TravelTogether.framework in Frameworks */ = {isa = PBXBuildFile; fileRef = B021ED4F573B2B7F43AFAB02 /* Pods_TravelTogether.framework */; };
/* End PBXBuildFile section */

/* Begin PBXFileReference section */
		0A304C101F136EF000096768 /* DetailViewController.swift */ = {isa = PBXFileReference; fileEncoding = 4; lastKnownFileType = sourcecode.swift; path = DetailViewController.swift; sourceTree = "<group>"; };
		0A8EC4971F0E65A800B91B4A /* Travel.swift */ = {isa = PBXFileReference; fileEncoding = 4; lastKnownFileType = sourcecode.swift; path = Travel.swift; sourceTree = "<group>"; };
		0AF1DCC51F0F4FEB0073D54D /* AgeRange.swift */ = {isa = PBXFileReference; fileEncoding = 4; lastKnownFileType = sourcecode.swift; path = AgeRange.swift; sourceTree = "<group>"; };
		0B0D96321EE3EB2800C2F1C4 /* ProfileCollectionViewCell.swift */ = {isa = PBXFileReference; fileEncoding = 4; lastKnownFileType = sourcecode.swift; path = ProfileCollectionViewCell.swift; sourceTree = "<group>"; };
		0B0D96341EE3F05400C2F1C4 /* CustomScrollView.swift */ = {isa = PBXFileReference; fileEncoding = 4; lastKnownFileType = sourcecode.swift; path = CustomScrollView.swift; sourceTree = "<group>"; };
		0B0D96391EE402F100C2F1C4 /* ParamsTextField.xib */ = {isa = PBXFileReference; fileEncoding = 4; lastKnownFileType = file.xib; path = ParamsTextField.xib; sourceTree = "<group>"; };
		0B0D963B1EE4055500C2F1C4 /* ParamsTextField.swift */ = {isa = PBXFileReference; fileEncoding = 4; lastKnownFileType = sourcecode.swift; path = ParamsTextField.swift; sourceTree = "<group>"; };
		0B0D963F1EE4107A00C2F1C4 /* ParamsDropStack.xib */ = {isa = PBXFileReference; fileEncoding = 4; lastKnownFileType = file.xib; path = ParamsDropStack.xib; sourceTree = "<group>"; };
		0B0D96411EE410AD00C2F1C4 /* ParamsDropStack.swift */ = {isa = PBXFileReference; fileEncoding = 4; lastKnownFileType = sourcecode.swift; path = ParamsDropStack.swift; sourceTree = "<group>"; };
		0B0D96431EE425B600C2F1C4 /* ParamsDatePicker.xib */ = {isa = PBXFileReference; fileEncoding = 4; lastKnownFileType = file.xib; path = ParamsDatePicker.xib; sourceTree = "<group>"; };
		0B0D96451EE4265900C2F1C4 /* ParamsDatePicker.swift */ = {isa = PBXFileReference; fileEncoding = 4; lastKnownFileType = sourcecode.swift; path = ParamsDatePicker.swift; sourceTree = "<group>"; };
		0B0D96491EE431FB00C2F1C4 /* Extensions.swift */ = {isa = PBXFileReference; fileEncoding = 4; lastKnownFileType = sourcecode.swift; path = Extensions.swift; sourceTree = "<group>"; };
		0B0D964B1EE4469D00C2F1C4 /* ParamsAbstract.swift */ = {isa = PBXFileReference; fileEncoding = 4; lastKnownFileType = sourcecode.swift; path = ParamsAbstract.swift; sourceTree = "<group>"; };
		0B0D964D1EE4610F00C2F1C4 /* ParamsSelectField.xib */ = {isa = PBXFileReference; fileEncoding = 4; lastKnownFileType = file.xib; path = ParamsSelectField.xib; sourceTree = "<group>"; };
		0B0D964F1EE462B700C2F1C4 /* ParamsSelectField.swift */ = {isa = PBXFileReference; fileEncoding = 4; lastKnownFileType = sourcecode.swift; path = ParamsSelectField.swift; sourceTree = "<group>"; };
		0B2106321EE2CCC7001AE7D0 /* ProfileViewController.swift */ = {isa = PBXFileReference; fileEncoding = 4; lastKnownFileType = sourcecode.swift; path = ProfileViewController.swift; sourceTree = "<group>"; };
		0B2106341EE2CE7B001AE7D0 /* ParamsHeaderView.xib */ = {isa = PBXFileReference; fileEncoding = 4; lastKnownFileType = file.xib; path = ParamsHeaderView.xib; sourceTree = "<group>"; };
		0B273FEB1F0796D10031D3C1 /* CriteriaViewController.swift */ = {isa = PBXFileReference; fileEncoding = 4; lastKnownFileType = sourcecode.swift; path = CriteriaViewController.swift; sourceTree = "<group>"; };
		0B273FED1F079B910031D3C1 /* DropStackView.swift */ = {isa = PBXFileReference; fileEncoding = 4; lastKnownFileType = sourcecode.swift; path = DropStackView.swift; sourceTree = "<group>"; };
		0B5062461EF65DF7003B5785 /* Parsing.swift */ = {isa = PBXFileReference; fileEncoding = 4; lastKnownFileType = sourcecode.swift; path = Parsing.swift; sourceTree = "<group>"; };
		0B86048C1EEF03C40090CAF3 /* Global.swift */ = {isa = PBXFileReference; fileEncoding = 4; lastKnownFileType = sourcecode.swift; path = Global.swift; sourceTree = "<group>"; };
		0B95FC391EF06ACC00C315F6 /* MessageBox.swift */ = {isa = PBXFileReference; fileEncoding = 4; lastKnownFileType = sourcecode.swift; path = MessageBox.swift; sourceTree = "<group>"; };
		0BAEE95D1EF507BA00CCC0C1 /* Profile.swift */ = {isa = PBXFileReference; fileEncoding = 4; lastKnownFileType = sourcecode.swift; path = Profile.swift; sourceTree = "<group>"; };
		0BAEE95F1EF5456F00CCC0C1 /* RegisterViewController.swift */ = {isa = PBXFileReference; fileEncoding = 4; lastKnownFileType = sourcecode.swift; path = RegisterViewController.swift; sourceTree = "<group>"; };
		0BAEE9611EF545E200CCC0C1 /* User.swift */ = {isa = PBXFileReference; fileEncoding = 4; lastKnownFileType = sourcecode.swift; path = User.swift; sourceTree = "<group>"; };
		0BBA88DA1EE2FE2200CFE1C8 /* ParamsHeaderView.swift */ = {isa = PBXFileReference; fileEncoding = 4; lastKnownFileType = sourcecode.swift; path = ParamsHeaderView.swift; sourceTree = "<group>"; };
		0BC4965B1EED563100505FD2 /* Request.swift */ = {isa = PBXFileReference; fileEncoding = 4; lastKnownFileType = sourcecode.swift; path = Request.swift; sourceTree = "<group>"; };
		0BCB55501EFFB00500605F24 /* MonthPicker.swift */ = {isa = PBXFileReference; fileEncoding = 4; lastKnownFileType = sourcecode.swift; path = MonthPicker.swift; sourceTree = "<group>"; };
		0BCD648D1EFE741300B93F82 /* TravelViewController.swift */ = {isa = PBXFileReference; fileEncoding = 4; lastKnownFileType = sourcecode.swift; path = TravelViewController.swift; sourceTree = "<group>"; };
		0BDA508D1EDF2D1800FA7A5E /* TravelTogether.app */ = {isa = PBXFileReference; explicitFileType = wrapper.application; includeInIndex = 0; path = TravelTogether.app; sourceTree = BUILT_PRODUCTS_DIR; };
		0BDA50901EDF2D1800FA7A5E /* AppDelegate.swift */ = {isa = PBXFileReference; lastKnownFileType = sourcecode.swift; path = AppDelegate.swift; sourceTree = "<group>"; };
		0BDA50951EDF2D1800FA7A5E /* Base */ = {isa = PBXFileReference; lastKnownFileType = file.storyboard; name = Base; path = Base.lproj/Main.storyboard; sourceTree = "<group>"; };
		0BDA50971EDF2D1800FA7A5E /* Assets.xcassets */ = {isa = PBXFileReference; lastKnownFileType = folder.assetcatalog; path = Assets.xcassets; sourceTree = "<group>"; };
		0BDA509A1EDF2D1800FA7A5E /* Base */ = {isa = PBXFileReference; lastKnownFileType = file.storyboard; name = Base; path = Base.lproj/LaunchScreen.storyboard; sourceTree = "<group>"; };
		0BDA509C1EDF2D1800FA7A5E /* Info.plist */ = {isa = PBXFileReference; lastKnownFileType = text.plist.xml; path = Info.plist; sourceTree = "<group>"; };
		0BDA50A21EDF2E8F00FA7A5E /* GoogleService-Info.plist */ = {isa = PBXFileReference; fileEncoding = 4; lastKnownFileType = text.plist.xml; path = "GoogleService-Info.plist"; sourceTree = "<group>"; };
		0BDA50A41EDF333400FA7A5E /* MainViewController.swift */ = {isa = PBXFileReference; fileEncoding = 4; lastKnownFileType = sourcecode.swift; path = MainViewController.swift; sourceTree = "<group>"; };
		0BDA50A61EDF34B700FA7A5E /* MainCollectionViewCell.swift */ = {isa = PBXFileReference; fileEncoding = 4; lastKnownFileType = sourcecode.swift; path = MainCollectionViewCell.swift; sourceTree = "<group>"; };
		0BDA50A81EDF370A00FA7A5E /* Person.swift */ = {isa = PBXFileReference; fileEncoding = 4; lastKnownFileType = sourcecode.swift; path = Person.swift; sourceTree = "<group>"; };
		0BDA94191F1286D70004B76D /* ChatInputContainerView.swift */ = {isa = PBXFileReference; fileEncoding = 4; lastKnownFileType = sourcecode.swift; path = ChatInputContainerView.swift; sourceTree = "<group>"; };
		0BDA941B1F1286DF0004B76D /* ChatLogController.swift */ = {isa = PBXFileReference; fileEncoding = 4; lastKnownFileType = sourcecode.swift; path = ChatLogController.swift; sourceTree = "<group>"; };
		0BDA941D1F1286E50004B76D /* ChatMessageCell.swift */ = {isa = PBXFileReference; fileEncoding = 4; lastKnownFileType = sourcecode.swift; path = ChatMessageCell.swift; sourceTree = "<group>"; };
		0BDA94231F1287030004B76D /* Message.swift */ = {isa = PBXFileReference; fileEncoding = 4; lastKnownFileType = sourcecode.swift; path = Message.swift; sourceTree = "<group>"; };
		0BDA94251F1287080004B76D /* MessagesController.swift */ = {isa = PBXFileReference; fileEncoding = 4; lastKnownFileType = sourcecode.swift; path = MessagesController.swift; sourceTree = "<group>"; };
		0BDA94271F12870C0004B76D /* NewMessageController.swift */ = {isa = PBXFileReference; fileEncoding = 4; lastKnownFileType = sourcecode.swift; path = NewMessageController.swift; sourceTree = "<group>"; };
		0BDA94291F1287140004B76D /* UserCell.swift */ = {isa = PBXFileReference; fileEncoding = 4; lastKnownFileType = sourcecode.swift; path = UserCell.swift; sourceTree = "<group>"; };
		0BE591041F0AB3F70017A866 /* BTNavigationDropdownMenu.bundle */ = {isa = PBXFileReference; lastKnownFileType = "wrapper.plug-in"; path = BTNavigationDropdownMenu.bundle; sourceTree = "<group>"; };
		0BE591051F0AB3F70017A866 /* BTNavigationDropdownMenu.swift */ = {isa = PBXFileReference; fileEncoding = 4; lastKnownFileType = sourcecode.swift; path = BTNavigationDropdownMenu.swift; sourceTree = "<group>"; };
		0BE591061F0AB3F70017A866 /* BTTitle.swift */ = {isa = PBXFileReference; fileEncoding = 4; lastKnownFileType = sourcecode.swift; path = BTTitle.swift; sourceTree = "<group>"; };
		0BE591081F0AB3F70017A866 /* BTConfiguration.swift */ = {isa = PBXFileReference; fileEncoding = 4; lastKnownFileType = sourcecode.swift; path = BTConfiguration.swift; sourceTree = "<group>"; };
		0BE591091F0AB3F70017A866 /* BTTableCellContentView.swift */ = {isa = PBXFileReference; fileEncoding = 4; lastKnownFileType = sourcecode.swift; path = BTTableCellContentView.swift; sourceTree = "<group>"; };
		0BE5910A1F0AB3F70017A866 /* BTTableView.swift */ = {isa = PBXFileReference; fileEncoding = 4; lastKnownFileType = sourcecode.swift; path = BTTableView.swift; sourceTree = "<group>"; };
		0BE5910B1F0AB3F70017A866 /* BTTableViewCell.swift */ = {isa = PBXFileReference; fileEncoding = 4; lastKnownFileType = sourcecode.swift; path = BTTableViewCell.swift; sourceTree = "<group>"; };
		0BE5910C1F0AB3F70017A866 /* UIViewController+Extension.swift */ = {isa = PBXFileReference; fileEncoding = 4; lastKnownFileType = sourcecode.swift; path = "UIViewController+Extension.swift"; sourceTree = "<group>"; };
		0BEBA0821EEC6C48001EE6EA /* SearchTableViewController.swift */ = {isa = PBXFileReference; fileEncoding = 4; lastKnownFileType = sourcecode.swift; path = SearchTableViewController.swift; sourceTree = "<group>"; };
		0BF7455A1EE077F700F6A8E5 /* SearchViewController.swift */ = {isa = PBXFileReference; fileEncoding = 4; lastKnownFileType = sourcecode.swift; path = SearchViewController.swift; sourceTree = "<group>"; };
		5D15BD35CB9B96C0F30A4B57 /* Pods-TravelTogether.release.xcconfig */ = {isa = PBXFileReference; includeInIndex = 1; lastKnownFileType = text.xcconfig; name = "Pods-TravelTogether.release.xcconfig"; path = "Pods/Target Support Files/Pods-TravelTogether/Pods-TravelTogether.release.xcconfig"; sourceTree = "<group>"; };
		B021ED4F573B2B7F43AFAB02 /* Pods_TravelTogether.framework */ = {isa = PBXFileReference; explicitFileType = wrapper.framework; includeInIndex = 0; path = Pods_TravelTogether.framework; sourceTree = BUILT_PRODUCTS_DIR; };
		C7D082603FB77E6EDF8BE5FB /* Pods-TravelTogether.debug.xcconfig */ = {isa = PBXFileReference; includeInIndex = 1; lastKnownFileType = text.xcconfig; name = "Pods-TravelTogether.debug.xcconfig"; path = "Pods/Target Support Files/Pods-TravelTogether/Pods-TravelTogether.debug.xcconfig"; sourceTree = "<group>"; };
/* End PBXFileReference section */

/* Begin PBXFrameworksBuildPhase section */
		0BDA508A1EDF2D1800FA7A5E /* Frameworks */ = {
			isa = PBXFrameworksBuildPhase;
			buildActionMask = 2147483647;
			files = (
				DB2BAD730CBACD49BAA8FF7E /* Pods_TravelTogether.framework in Frameworks */,
			);
			runOnlyForDeploymentPostprocessing = 0;
		};
/* End PBXFrameworksBuildPhase section */

/* Begin PBXGroup section */
		0B0D962E1EE3E80000C2F1C4 /* Controllers */ = {
			isa = PBXGroup;
			children = (
				0BDA941B1F1286DF0004B76D /* ChatLogController.swift */,
				0B273FEB1F0796D10031D3C1 /* CriteriaViewController.swift */,
				0A304C101F136EF000096768 /* DetailViewController.swift */,
				0BDA50A41EDF333400FA7A5E /* MainViewController.swift */,
				0BDA94251F1287080004B76D /* MessagesController.swift */,
				0B2106321EE2CCC7001AE7D0 /* ProfileViewController.swift */,
				0BAEE95F1EF5456F00CCC0C1 /* RegisterViewController.swift */,
				0BF7455A1EE077F700F6A8E5 /* SearchViewController.swift */,
				0BEBA0821EEC6C48001EE6EA /* SearchTableViewController.swift */,
				0BCD648D1EFE741300B93F82 /* TravelViewController.swift */,
			);
			name = Controllers;
			sourceTree = "<group>";
		};
		0B0D962F1EE3E82B00C2F1C4 /* Cells */ = {
			isa = PBXGroup;
			children = (
				0BDA50A61EDF34B700FA7A5E /* MainCollectionViewCell.swift */,
				0B0D96321EE3EB2800C2F1C4 /* ProfileCollectionViewCell.swift */,
			);
			name = Cells;
			sourceTree = "<group>";
		};
		0B0D96301EE3E87E00C2F1C4 /* Models */ = {
			isa = PBXGroup;
			children = (
				0AF1DCC51F0F4FEB0073D54D /* AgeRange.swift */,
				0B0D96341EE3F05400C2F1C4 /* CustomScrollView.swift */,
				0BCB55501EFFB00500605F24 /* MonthPicker.swift */,
				0BDA50A81EDF370A00FA7A5E /* Person.swift */,
				0BAEE95D1EF507BA00CCC0C1 /* Profile.swift */,
				0A8EC4971F0E65A800B91B4A /* Travel.swift */,
				0BAEE9611EF545E200CCC0C1 /* User.swift */,
			);
			name = Models;
			sourceTree = "<group>";
		};
		0B0D96311EE3E8AE00C2F1C4 /* Stuff */ = {
			isa = PBXGroup;
			children = (
				0BDA50991EDF2D1800FA7A5E /* LaunchScreen.storyboard */,
				0BDA509C1EDF2D1800FA7A5E /* Info.plist */,
				0BDA50A21EDF2E8F00FA7A5E /* GoogleService-Info.plist */,
			);
			name = Stuff;
			sourceTree = "<group>";
		};
		0B0D96381EE3FFCC00C2F1C4 /* Views */ = {
			isa = PBXGroup;
			children = (
				0B0D964B1EE4469D00C2F1C4 /* ParamsAbstract.swift */,
				0BBA88DA1EE2FE2200CFE1C8 /* ParamsHeaderView.swift */,
				0B2106341EE2CE7B001AE7D0 /* ParamsHeaderView.xib */,
				0B0D96411EE410AD00C2F1C4 /* ParamsDropStack.swift */,
				0B0D963F1EE4107A00C2F1C4 /* ParamsDropStack.xib */,
				0B0D963B1EE4055500C2F1C4 /* ParamsTextField.swift */,
				0B0D96391EE402F100C2F1C4 /* ParamsTextField.xib */,
				0B0D96451EE4265900C2F1C4 /* ParamsDatePicker.swift */,
				0B0D96431EE425B600C2F1C4 /* ParamsDatePicker.xib */,
				0B0D964F1EE462B700C2F1C4 /* ParamsSelectField.swift */,
				0B0D964D1EE4610F00C2F1C4 /* ParamsSelectField.xib */,
			);
			name = Views;
			sourceTree = "<group>";
		};
		0B7E63061F084254007DBDA6 /* DropStackView */ = {
			isa = PBXGroup;
			children = (
				0B273FED1F079B910031D3C1 /* DropStackView.swift */,
				0B0D96381EE3FFCC00C2F1C4 /* Views */,
			);
			name = DropStackView;
			sourceTree = "<group>";
		};
		0BAEE95C1EF506F000CCC0C1 /* Utils */ = {
			isa = PBXGroup;
			children = (
				0B0D96491EE431FB00C2F1C4 /* Extensions.swift */,
				0B95FC391EF06ACC00C315F6 /* MessageBox.swift */,
				0B5062461EF65DF7003B5785 /* Parsing.swift */,
			);
			name = Utils;
			sourceTree = "<group>";
		};
		0BDA50841EDF2D1800FA7A5E = {
			isa = PBXGroup;
			children = (
				0BDA508F1EDF2D1800FA7A5E /* TravelTogether */,
				0BDA508E1EDF2D1800FA7A5E /* Products */,
				24EC2FA49A688FEEB7801BF8 /* Pods */,
				594BDF362597A6D250D1FB99 /* Frameworks */,
			);
			sourceTree = "<group>";
		};
		0BDA508E1EDF2D1800FA7A5E /* Products */ = {
			isa = PBXGroup;
			children = (
				0BDA508D1EDF2D1800FA7A5E /* TravelTogether.app */,
			);
			name = Products;
			sourceTree = "<group>";
		};
		0BDA508F1EDF2D1800FA7A5E /* TravelTogether */ = {
			isa = PBXGroup;
			children = (
				0BDA50901EDF2D1800FA7A5E /* AppDelegate.swift */,
				0B86048C1EEF03C40090CAF3 /* Global.swift */,
				0BC4965B1EED563100505FD2 /* Request.swift */,
				0BDA50941EDF2D1800FA7A5E /* Main.storyboard */,
				0BDA50971EDF2D1800FA7A5E /* Assets.xcassets */,
				0BAEE95C1EF506F000CCC0C1 /* Utils */,
				0B0D962E1EE3E80000C2F1C4 /* Controllers */,
				0B0D96301EE3E87E00C2F1C4 /* Models */,
				0B0D962F1EE3E82B00C2F1C4 /* Cells */,
				0BE591151F0AB6500017A866 /* Widgets */,
				0B0D96311EE3E8AE00C2F1C4 /* Stuff */,
			);
			path = TravelTogether;
			sourceTree = "<group>";
		};
		0BDA94181F1286D00004B76D /* Chat */ = {
			isa = PBXGroup;
			children = (
				0BDA94191F1286D70004B76D /* ChatInputContainerView.swift */,
				0BDA941D1F1286E50004B76D /* ChatMessageCell.swift */,
				0BDA94231F1287030004B76D /* Message.swift */,
				0BDA94271F12870C0004B76D /* NewMessageController.swift */,
				0BDA94291F1287140004B76D /* UserCell.swift */,
			);
			name = Chat;
			sourceTree = "<group>";
		};
		0BE591031F0AB3F70017A866 /* BTNavigationDropdownMenu */ = {
			isa = PBXGroup;
			children = (
				0BE591041F0AB3F70017A866 /* BTNavigationDropdownMenu.bundle */,
				0BE591051F0AB3F70017A866 /* BTNavigationDropdownMenu.swift */,
				0BE591061F0AB3F70017A866 /* BTTitle.swift */,
				0BE591071F0AB3F70017A866 /* Internal */,
			);
			name = BTNavigationDropdownMenu;
			path = Source;
			sourceTree = "<group>";
		};
		0BE591071F0AB3F70017A866 /* Internal */ = {
			isa = PBXGroup;
			children = (
				0BE591081F0AB3F70017A866 /* BTConfiguration.swift */,
				0BE591091F0AB3F70017A866 /* BTTableCellContentView.swift */,
				0BE5910A1F0AB3F70017A866 /* BTTableView.swift */,
				0BE5910B1F0AB3F70017A866 /* BTTableViewCell.swift */,
				0BE5910C1F0AB3F70017A866 /* UIViewController+Extension.swift */,
			);
			path = Internal;
			sourceTree = "<group>";
		};
		0BE591151F0AB6500017A866 /* Widgets */ = {
			isa = PBXGroup;
			children = (
				0BDA94181F1286D00004B76D /* Chat */,
				0BE591031F0AB3F70017A866 /* BTNavigationDropdownMenu */,
				0B7E63061F084254007DBDA6 /* DropStackView */,
			);
			name = Widgets;
			sourceTree = "<group>";
		};
		24EC2FA49A688FEEB7801BF8 /* Pods */ = {
			isa = PBXGroup;
			children = (
				C7D082603FB77E6EDF8BE5FB /* Pods-TravelTogether.debug.xcconfig */,
				5D15BD35CB9B96C0F30A4B57 /* Pods-TravelTogether.release.xcconfig */,
			);
			name = Pods;
			sourceTree = "<group>";
		};
		594BDF362597A6D250D1FB99 /* Frameworks */ = {
			isa = PBXGroup;
			children = (
				B021ED4F573B2B7F43AFAB02 /* Pods_TravelTogether.framework */,
			);
			name = Frameworks;
			sourceTree = "<group>";
		};
/* End PBXGroup section */

/* Begin PBXNativeTarget section */
		0BDA508C1EDF2D1800FA7A5E /* TravelTogether */ = {
			isa = PBXNativeTarget;
			buildConfigurationList = 0BDA509F1EDF2D1800FA7A5E /* Build configuration list for PBXNativeTarget "TravelTogether" */;
			buildPhases = (
				4A70AC2A58A57BA708DBD2E4 /* [CP] Check Pods Manifest.lock */,
				0BDA50891EDF2D1800FA7A5E /* Sources */,
				0BDA508A1EDF2D1800FA7A5E /* Frameworks */,
				0BDA508B1EDF2D1800FA7A5E /* Resources */,
				607A81A40533D97B1B8BD455 /* [CP] Embed Pods Frameworks */,
				963CC2B7B5B622F93034D375 /* [CP] Copy Pods Resources */,
			);
			buildRules = (
			);
			dependencies = (
			);
			name = TravelTogether;
			productName = TravelTogether;
			productReference = 0BDA508D1EDF2D1800FA7A5E /* TravelTogether.app */;
			productType = "com.apple.product-type.application";
		};
/* End PBXNativeTarget section */

/* Begin PBXProject section */
		0BDA50851EDF2D1800FA7A5E /* Project object */ = {
			isa = PBXProject;
			attributes = {
				LastSwiftUpdateCheck = 0830;
				LastUpgradeCheck = 0830;
				ORGANIZATIONNAME = Dmitry;
				TargetAttributes = {
					0BDA508C1EDF2D1800FA7A5E = {
						CreatedOnToolsVersion = 8.3.2;
						DevelopmentTeam = 2XB4ND3L45;
						ProvisioningStyle = Automatic;
					};
				};
			};
			buildConfigurationList = 0BDA50881EDF2D1800FA7A5E /* Build configuration list for PBXProject "TravelTogether" */;
			compatibilityVersion = "Xcode 3.2";
			developmentRegion = English;
			hasScannedForEncodings = 0;
			knownRegions = (
				en,
				Base,
			);
			mainGroup = 0BDA50841EDF2D1800FA7A5E;
			productRefGroup = 0BDA508E1EDF2D1800FA7A5E /* Products */;
			projectDirPath = "";
			projectRoot = "";
			targets = (
				0BDA508C1EDF2D1800FA7A5E /* TravelTogether */,
			);
		};
/* End PBXProject section */

/* Begin PBXResourcesBuildPhase section */
		0BDA508B1EDF2D1800FA7A5E /* Resources */ = {
			isa = PBXResourcesBuildPhase;
			buildActionMask = 2147483647;
			files = (
				0B0D964E1EE4610F00C2F1C4 /* ParamsSelectField.xib in Resources */,
				0BE5910D1F0AB3F70017A866 /* BTNavigationDropdownMenu.bundle in Resources */,
				0BDA509B1EDF2D1800FA7A5E /* LaunchScreen.storyboard in Resources */,
				0B0D96441EE425B600C2F1C4 /* ParamsDatePicker.xib in Resources */,
				0BDA50A31EDF2E8F00FA7A5E /* GoogleService-Info.plist in Resources */,
				0BDA50981EDF2D1800FA7A5E /* Assets.xcassets in Resources */,
				0B0D963A1EE402F100C2F1C4 /* ParamsTextField.xib in Resources */,
				0B2106351EE2CE7B001AE7D0 /* ParamsHeaderView.xib in Resources */,
				0B0D96401EE4107A00C2F1C4 /* ParamsDropStack.xib in Resources */,
				0BDA50961EDF2D1800FA7A5E /* Main.storyboard in Resources */,
			);
			runOnlyForDeploymentPostprocessing = 0;
		};
/* End PBXResourcesBuildPhase section */

/* Begin PBXShellScriptBuildPhase section */
		4A70AC2A58A57BA708DBD2E4 /* [CP] Check Pods Manifest.lock */ = {
			isa = PBXShellScriptBuildPhase;
			buildActionMask = 2147483647;
			files = (
			);
			inputPaths = (
			);
			name = "[CP] Check Pods Manifest.lock";
			outputPaths = (
			);
			runOnlyForDeploymentPostprocessing = 0;
			shellPath = /bin/sh;
			shellScript = "diff \"${PODS_PODFILE_DIR_PATH}/Podfile.lock\" \"${PODS_ROOT}/Manifest.lock\" > /dev/null\nif [ $? != 0 ] ; then\n    # print error to STDERR\n    echo \"error: The sandbox is not in sync with the Podfile.lock. Run 'pod install' or update your CocoaPods installation.\" >&2\n    exit 1\nfi\n";
			showEnvVarsInLog = 0;
		};
		607A81A40533D97B1B8BD455 /* [CP] Embed Pods Frameworks */ = {
			isa = PBXShellScriptBuildPhase;
			buildActionMask = 2147483647;
			files = (
			);
			inputPaths = (
			);
			name = "[CP] Embed Pods Frameworks";
			outputPaths = (
			);
			runOnlyForDeploymentPostprocessing = 0;
			shellPath = /bin/sh;
			shellScript = "\"${SRCROOT}/Pods/Target Support Files/Pods-TravelTogether/Pods-TravelTogether-frameworks.sh\"\n";
			showEnvVarsInLog = 0;
		};
		963CC2B7B5B622F93034D375 /* [CP] Copy Pods Resources */ = {
			isa = PBXShellScriptBuildPhase;
			buildActionMask = 2147483647;
			files = (
			);
			inputPaths = (
			);
			name = "[CP] Copy Pods Resources";
			outputPaths = (
			);
			runOnlyForDeploymentPostprocessing = 0;
			shellPath = /bin/sh;
			shellScript = "\"${SRCROOT}/Pods/Target Support Files/Pods-TravelTogether/Pods-TravelTogether-resources.sh\"\n";
			showEnvVarsInLog = 0;
		};
/* End PBXShellScriptBuildPhase section */

/* Begin PBXSourcesBuildPhase section */
		0BDA50891EDF2D1800FA7A5E /* Sources */ = {
			isa = PBXSourcesBuildPhase;
			buildActionMask = 2147483647;
			files = (
				0BDA941C1F1286DF0004B76D /* ChatLogController.swift in Sources */,
				0BEBA0831EEC6C48001EE6EA /* SearchTableViewController.swift in Sources */,
				0BDA94261F1287080004B76D /* MessagesController.swift in Sources */,
				0BAEE9601EF5456F00CCC0C1 /* RegisterViewController.swift in Sources */,
				0BF7455B1EE077F700F6A8E5 /* SearchViewController.swift in Sources */,
				0B0D96501EE462B700C2F1C4 /* ParamsSelectField.swift in Sources */,
				0BE591141F0AB3F70017A866 /* UIViewController+Extension.swift in Sources */,
				0BDA941E1F1286E50004B76D /* ChatMessageCell.swift in Sources */,
				0B0D96331EE3EB2800C2F1C4 /* ProfileCollectionViewCell.swift in Sources */,
				0BE591131F0AB3F70017A866 /* BTTableViewCell.swift in Sources */,
				0BE591121F0AB3F70017A866 /* BTTableView.swift in Sources */,
				0B5062471EF65DF7003B5785 /* Parsing.swift in Sources */,
				0BE591101F0AB3F70017A866 /* BTConfiguration.swift in Sources */,
				0BDA50911EDF2D1800FA7A5E /* AppDelegate.swift in Sources */,
				0BBA88DB1EE2FE2200CFE1C8 /* ParamsHeaderView.swift in Sources */,
				0B0D96421EE410AD00C2F1C4 /* ParamsDropStack.swift in Sources */,
				0BE5910E1F0AB3F70017A866 /* BTNavigationDropdownMenu.swift in Sources */,
				0B86048D1EEF03C40090CAF3 /* Global.swift in Sources */,
				0BDA941A1F1286D70004B76D /* ChatInputContainerView.swift in Sources */,
				0B0D96351EE3F05400C2F1C4 /* CustomScrollView.swift in Sources */,
				0BCB55511EFFB00500605F24 /* MonthPicker.swift in Sources */,
				0BDA50A71EDF34B700FA7A5E /* MainCollectionViewCell.swift in Sources */,
				0BE5910F1F0AB3F70017A866 /* BTTitle.swift in Sources */,
				0BDA942A1F1287140004B76D /* UserCell.swift in Sources */,
				0BAEE95E1EF507BA00CCC0C1 /* Profile.swift in Sources */,
				0A304C111F136EF000096768 /* DetailViewController.swift in Sources */,
				0B273FEE1F079B910031D3C1 /* DropStackView.swift in Sources */,
				0B2106331EE2CCC7001AE7D0 /* ProfileViewController.swift in Sources */,
				0B0D964C1EE4469D00C2F1C4 /* ParamsAbstract.swift in Sources */,
				0BDA94241F1287030004B76D /* Message.swift in Sources */,
				0BC4965C1EED563100505FD2 /* Request.swift in Sources */,
				0B95FC3A1EF06ACC00C315F6 /* MessageBox.swift in Sources */,
				0B0D964A1EE431FB00C2F1C4 /* Extensions.swift in Sources */,
				0BCD648E1EFE741300B93F82 /* TravelViewController.swift in Sources */,
				0B0D963C1EE4055500C2F1C4 /* ParamsTextField.swift in Sources */,
				0A8EC4981F0E65A800B91B4A /* Travel.swift in Sources */,
				0BDA94281F12870C0004B76D /* NewMessageController.swift in Sources */,
				0BDA50A91EDF370A00FA7A5E /* Person.swift in Sources */,
				0BDA50A51EDF333400FA7A5E /* MainViewController.swift in Sources */,
				0B273FEC1F0796D10031D3C1 /* CriteriaViewController.swift in Sources */,
				0B0D96461EE4265900C2F1C4 /* ParamsDatePicker.swift in Sources */,
				0BAEE9621EF545E200CCC0C1 /* User.swift in Sources */,
				0BE591111F0AB3F70017A866 /* BTTableCellContentView.swift in Sources */,
				0AF1DCC61F0F4FEB0073D54D /* AgeRange.swift in Sources */,
			);
			runOnlyForDeploymentPostprocessing = 0;
		};
/* End PBXSourcesBuildPhase section */

/* Begin PBXVariantGroup section */
		0BDA50941EDF2D1800FA7A5E /* Main.storyboard */ = {
			isa = PBXVariantGroup;
			children = (
				0BDA50951EDF2D1800FA7A5E /* Base */,
			);
			name = Main.storyboard;
			sourceTree = "<group>";
		};
		0BDA50991EDF2D1800FA7A5E /* LaunchScreen.storyboard */ = {
			isa = PBXVariantGroup;
			children = (
				0BDA509A1EDF2D1800FA7A5E /* Base */,
			);
			name = LaunchScreen.storyboard;
			sourceTree = "<group>";
		};
/* End PBXVariantGroup section */

/* Begin XCBuildConfiguration section */
		0BDA509D1EDF2D1800FA7A5E /* Debug */ = {
			isa = XCBuildConfiguration;
			buildSettings = {
				ALWAYS_SEARCH_USER_PATHS = NO;
				CLANG_ANALYZER_NONNULL = YES;
				CLANG_ANALYZER_NUMBER_OBJECT_CONVERSION = YES_AGGRESSIVE;
				CLANG_CXX_LANGUAGE_STANDARD = "gnu++0x";
				CLANG_CXX_LIBRARY = "libc++";
				CLANG_ENABLE_MODULES = YES;
				CLANG_ENABLE_OBJC_ARC = YES;
				CLANG_WARN_BOOL_CONVERSION = YES;
				CLANG_WARN_CONSTANT_CONVERSION = YES;
				CLANG_WARN_DIRECT_OBJC_ISA_USAGE = YES_ERROR;
				CLANG_WARN_DOCUMENTATION_COMMENTS = YES;
				CLANG_WARN_EMPTY_BODY = YES;
				CLANG_WARN_ENUM_CONVERSION = YES;
				CLANG_WARN_INFINITE_RECURSION = YES;
				CLANG_WARN_INT_CONVERSION = YES;
				CLANG_WARN_OBJC_ROOT_CLASS = YES_ERROR;
				CLANG_WARN_SUSPICIOUS_MOVE = YES;
				CLANG_WARN_UNREACHABLE_CODE = YES;
				CLANG_WARN__DUPLICATE_METHOD_MATCH = YES;
				"CODE_SIGN_IDENTITY[sdk=iphoneos*]" = "iPhone Developer";
				COPY_PHASE_STRIP = NO;
				DEBUG_INFORMATION_FORMAT = dwarf;
				ENABLE_STRICT_OBJC_MSGSEND = YES;
				ENABLE_TESTABILITY = YES;
				GCC_C_LANGUAGE_STANDARD = gnu99;
				GCC_DYNAMIC_NO_PIC = NO;
				GCC_NO_COMMON_BLOCKS = YES;
				GCC_OPTIMIZATION_LEVEL = 0;
				GCC_PREPROCESSOR_DEFINITIONS = (
					"DEBUG=1",
					"$(inherited)",
				);
				GCC_WARN_64_TO_32_BIT_CONVERSION = YES;
				GCC_WARN_ABOUT_RETURN_TYPE = YES_ERROR;
				GCC_WARN_UNDECLARED_SELECTOR = YES;
				GCC_WARN_UNINITIALIZED_AUTOS = YES_AGGRESSIVE;
				GCC_WARN_UNUSED_FUNCTION = YES;
				GCC_WARN_UNUSED_VARIABLE = YES;
				IPHONEOS_DEPLOYMENT_TARGET = 10.3;
				MTL_ENABLE_DEBUG_INFO = YES;
				ONLY_ACTIVE_ARCH = YES;
				SDKROOT = iphoneos;
				SWIFT_ACTIVE_COMPILATION_CONDITIONS = DEBUG;
				SWIFT_OPTIMIZATION_LEVEL = "-Onone";
				TARGETED_DEVICE_FAMILY = "1,2";
			};
			name = Debug;
		};
		0BDA509E1EDF2D1800FA7A5E /* Release */ = {
			isa = XCBuildConfiguration;
			buildSettings = {
				ALWAYS_SEARCH_USER_PATHS = NO;
				CLANG_ANALYZER_NONNULL = YES;
				CLANG_ANALYZER_NUMBER_OBJECT_CONVERSION = YES_AGGRESSIVE;
				CLANG_CXX_LANGUAGE_STANDARD = "gnu++0x";
				CLANG_CXX_LIBRARY = "libc++";
				CLANG_ENABLE_MODULES = YES;
				CLANG_ENABLE_OBJC_ARC = YES;
				CLANG_WARN_BOOL_CONVERSION = YES;
				CLANG_WARN_CONSTANT_CONVERSION = YES;
				CLANG_WARN_DIRECT_OBJC_ISA_USAGE = YES_ERROR;
				CLANG_WARN_DOCUMENTATION_COMMENTS = YES;
				CLANG_WARN_EMPTY_BODY = YES;
				CLANG_WARN_ENUM_CONVERSION = YES;
				CLANG_WARN_INFINITE_RECURSION = YES;
				CLANG_WARN_INT_CONVERSION = YES;
				CLANG_WARN_OBJC_ROOT_CLASS = YES_ERROR;
				CLANG_WARN_SUSPICIOUS_MOVE = YES;
				CLANG_WARN_UNREACHABLE_CODE = YES;
				CLANG_WARN__DUPLICATE_METHOD_MATCH = YES;
				"CODE_SIGN_IDENTITY[sdk=iphoneos*]" = "iPhone Developer";
				COPY_PHASE_STRIP = NO;
				DEBUG_INFORMATION_FORMAT = "dwarf-with-dsym";
				ENABLE_NS_ASSERTIONS = NO;
				ENABLE_STRICT_OBJC_MSGSEND = YES;
				GCC_C_LANGUAGE_STANDARD = gnu99;
				GCC_NO_COMMON_BLOCKS = YES;
				GCC_WARN_64_TO_32_BIT_CONVERSION = YES;
				GCC_WARN_ABOUT_RETURN_TYPE = YES_ERROR;
				GCC_WARN_UNDECLARED_SELECTOR = YES;
				GCC_WARN_UNINITIALIZED_AUTOS = YES_AGGRESSIVE;
				GCC_WARN_UNUSED_FUNCTION = YES;
				GCC_WARN_UNUSED_VARIABLE = YES;
				IPHONEOS_DEPLOYMENT_TARGET = 10.3;
				MTL_ENABLE_DEBUG_INFO = NO;
				SDKROOT = iphoneos;
				SWIFT_OPTIMIZATION_LEVEL = "-Owholemodule";
				TARGETED_DEVICE_FAMILY = "1,2";
				VALIDATE_PRODUCT = YES;
			};
			name = Release;
		};
		0BDA50A01EDF2D1800FA7A5E /* Debug */ = {
			isa = XCBuildConfiguration;
			baseConfigurationReference = C7D082603FB77E6EDF8BE5FB /* Pods-TravelTogether.debug.xcconfig */;
			buildSettings = {
				ASSETCATALOG_COMPILER_APPICON_NAME = AppIcon;
				DEVELOPMENT_TEAM = 2XB4ND3L45;
				INFOPLIST_FILE = TravelTogether/Info.plist;
				IPHONEOS_DEPLOYMENT_TARGET = 9.0;
				LD_RUNPATH_SEARCH_PATHS = "$(inherited) @executable_path/Frameworks";
				PRODUCT_BUNDLE_IDENTIFIER = ru.home.TravelTogether;
				PRODUCT_NAME = "$(TARGET_NAME)";
				SWIFT_VERSION = 3.0;
			};
			name = Debug;
		};
		0BDA50A11EDF2D1800FA7A5E /* Release */ = {
			isa = XCBuildConfiguration;
			baseConfigurationReference = 5D15BD35CB9B96C0F30A4B57 /* Pods-TravelTogether.release.xcconfig */;
			buildSettings = {
				ASSETCATALOG_COMPILER_APPICON_NAME = AppIcon;
				DEVELOPMENT_TEAM = 2XB4ND3L45;
				INFOPLIST_FILE = TravelTogether/Info.plist;
				IPHONEOS_DEPLOYMENT_TARGET = 9.0;
				LD_RUNPATH_SEARCH_PATHS = "$(inherited) @executable_path/Frameworks";
				PRODUCT_BUNDLE_IDENTIFIER = ru.home.TravelTogether;
				PRODUCT_NAME = "$(TARGET_NAME)";
				SWIFT_VERSION = 3.0;
			};
			name = Release;
		};
/* End XCBuildConfiguration section */

/* Begin XCConfigurationList section */
		0BDA50881EDF2D1800FA7A5E /* Build configuration list for PBXProject "TravelTogether" */ = {
			isa = XCConfigurationList;
			buildConfigurations = (
				0BDA509D1EDF2D1800FA7A5E /* Debug */,
				0BDA509E1EDF2D1800FA7A5E /* Release */,
			);
			defaultConfigurationIsVisible = 0;
			defaultConfigurationName = Release;
		};
		0BDA509F1EDF2D1800FA7A5E /* Build configuration list for PBXNativeTarget "TravelTogether" */ = {
			isa = XCConfigurationList;
			buildConfigurations = (
				0BDA50A01EDF2D1800FA7A5E /* Debug */,
				0BDA50A11EDF2D1800FA7A5E /* Release */,
			);
			defaultConfigurationIsVisible = 0;
			defaultConfigurationName = Release;
		};
/* End XCConfigurationList section */
	};
	rootObject = 0BDA50851EDF2D1800FA7A5E /* Project object */;
}
